
Microsoft Visual Studio Solution File, Format Version 12.00
# Visual Studio Version 16
VisualStudioVersion = 16.0.32228.343
MinimumVisualStudioVersion = 10.0.40219.1
Project("{FAE04EC0-301F-11D3-BF4B-00C04F79EFBC}") = "FormApp", "FormApp\FormApp.csproj", "{F22AE896-53E4-4B7F-ADFB-9E0E1065F4B6}"
EndProject
Project("{FAE04EC0-301F-11D3-BF4B-00C04F79EFBC}") = "API", "API\API.csproj", "{9A8EEB85-B04D-4E3B-8A91-A10CAD44D52F}"
EndProject
Project("{FAE04EC0-301F-11D3-BF4B-00C04F79EFBC}") = "Application", "Application\Application.csproj", "{3F6CCE01-CA00-4243-B5AE-0EB465ABE4D4}"
EndProject
Project("{FAE04EC0-301F-11D3-BF4B-00C04F79EFBC}") = "Domain", "Domain\Domain.csproj", "{948BEC67-D1A2-4444-ADB8-FE6BDF149927}"
EndProject
Project("{2150E333-8FDC-42A3-9474-1A3956D46DE8}") = "Client", "Client", "{3FD14F44-77B7-4902-A3D9-665E6DA859F4}"
EndProject
Project("{2150E333-8FDC-42A3-9474-1A3956D46DE8}") = "Back", "Back", "{2BBDB8A9-BB3C-41BC-B008-406BF37F62F5}"
EndProject
Project("{2150E333-8FDC-42A3-9474-1A3956D46DE8}") = "Common", "Common", "{33B1BDB9-E348-4A48-8F96-05FEDF47C731}"
EndProject
Global
	GlobalSection(SolutionConfigurationPlatforms) = preSolution
		Debug|Any CPU = Debug|Any CPU
		Release|Any CPU = Release|Any CPU
	EndGlobalSection
	GlobalSection(ProjectConfigurationPlatforms) = postSolution
		{F22AE896-53E4-4B7F-ADFB-9E0E1065F4B6}.Debug|Any CPU.ActiveCfg = Debug|Any CPU
		{F22AE896-53E4-4B7F-ADFB-9E0E1065F4B6}.Debug|Any CPU.Build.0 = Debug|Any CPU
		{F22AE896-53E4-4B7F-ADFB-9E0E1065F4B6}.Release|Any CPU.ActiveCfg = Release|Any CPU
		{F22AE896-53E4-4B7F-ADFB-9E0E1065F4B6}.Release|Any CPU.Build.0 = Release|Any CPU
		{9A8EEB85-B04D-4E3B-8A91-A10CAD44D52F}.Debug|Any CPU.ActiveCfg = Debug|Any CPU
		{9A8EEB85-B04D-4E3B-8A91-A10CAD44D52F}.Debug|Any CPU.Build.0 = Debug|Any CPU
		{9A8EEB85-B04D-4E3B-8A91-A10CAD44D52F}.Release|Any CPU.ActiveCfg = Release|Any CPU
		{9A8EEB85-B04D-4E3B-8A91-A10CAD44D52F}.Release|Any CPU.Build.0 = Release|Any CPU
		{3F6CCE01-CA00-4243-B5AE-0EB465ABE4D4}.Debug|Any CPU.ActiveCfg = Debug|Any CPU
		{3F6CCE01-CA00-4243-B5AE-0EB465ABE4D4}.Debug|Any CPU.Build.0 = Debug|Any CPU
		{3F6CCE01-CA00-4243-B5AE-0EB465ABE4D4}.Release|Any CPU.ActiveCfg = Release|Any CPU
		{3F6CCE01-CA00-4243-B5AE-0EB465ABE4D4}.Release|Any CPU.Build.0 = Release|Any CPU
		{948BEC67-D1A2-4444-ADB8-FE6BDF149927}.Debug|Any CPU.ActiveCfg = Debug|Any CPU
		{948BEC67-D1A2-4444-ADB8-FE6BDF149927}.Debug|Any CPU.Build.0 = Debug|Any CPU
		{948BEC67-D1A2-4444-ADB8-FE6BDF149927}.Release|Any CPU.ActiveCfg = Release|Any CPU
		{948BEC67-D1A2-4444-ADB8-FE6BDF149927}.Release|Any CPU.Build.0 = Release|Any CPU
	EndGlobalSection
	GlobalSection(SolutionProperties) = preSolution
		HideSolutionNode = FALSE
	EndGlobalSection
	GlobalSection(NestedProjects) = preSolution
		{F22AE896-53E4-4B7F-ADFB-9E0E1065F4B6} = {3FD14F44-77B7-4902-A3D9-665E6DA859F4}
		{9A8EEB85-B04D-4E3B-8A91-A10CAD44D52F} = {2BBDB8A9-BB3C-41BC-B008-406BF37F62F5}
		{3F6CCE01-CA00-4243-B5AE-0EB465ABE4D4} = {33B1BDB9-E348-4A48-8F96-05FEDF47C731}
		{948BEC67-D1A2-4444-ADB8-FE6BDF149927} = {33B1BDB9-E348-4A48-8F96-05FEDF47C731}
	EndGlobalSection
	GlobalSection(ExtensibilityGlobals) = postSolution
		SolutionGuid = {E9AD399F-87F0-48FC-8755-F2B8C56EEA05}
	EndGlobalSection
EndGlobal
