
Microsoft Visual Studio Solution File, Format Version 12.00
# Visual Studio Version 16
VisualStudioVersion = 16.0.32228.343
MinimumVisualStudioVersion = 10.0.40219.1
Project("{FAE04EC0-301F-11D3-BF4B-00C04F79EFBC}") = "FormApp", "FormApp\FormApp.csproj", "{F22AE896-53E4-4B7F-ADFB-9E0E1065F4B6}"
EndProject
Project("{FAE04EC0-301F-11D3-BF4B-00C04F79EFBC}") = "API", "API\API.csproj", "{9A8EEB85-B04D-4E3B-8A91-A10CAD44D52F}"
EndProject
Global
	GlobalSection(SolutionConfigurationPlatforms) = preSolution
		Debug|Any CPU = Debug|Any CPU
		Release|Any CPU = Release|Any CPU
	EndGlobalSection
	GlobalSection(ProjectConfigurationPlatforms) = postSolution
		{F22AE896-53E4-4B7F-ADFB-9E0E1065F4B6}.Debug|Any CPU.ActiveCfg = Debug|Any CPU
		{F22AE896-53E4-4B7F-ADFB-9E0E1065F4B6}.Debug|Any CPU.Build.0 = Debug|Any CPU
		{F22AE896-53E4-4B7F-ADFB-9E0E1065F4B6}.Release|Any CPU.ActiveCfg = Release|Any CPU
		{F22AE896-53E4-4B7F-ADFB-9E0E1065F4B6}.Release|Any CPU.Build.0 = Release|Any CPU
		{9A8EEB85-B04D-4E3B-8A91-A10CAD44D52F}.Debug|Any CPU.ActiveCfg = Debug|Any CPU
		{9A8EEB85-B04D-4E3B-8A91-A10CAD44D52F}.Debug|Any CPU.Build.0 = Debug|Any CPU
		{9A8EEB85-B04D-4E3B-8A91-A10CAD44D52F}.Release|Any CPU.ActiveCfg = Release|Any CPU
		{9A8EEB85-B04D-4E3B-8A91-A10CAD44D52F}.Release|Any CPU.Build.0 = Release|Any CPU
	EndGlobalSection
	GlobalSection(SolutionProperties) = preSolution
		HideSolutionNode = FALSE
	EndGlobalSection
	GlobalSection(ExtensibilityGlobals) = postSolution
		SolutionGuid = {E9AD399F-87F0-48FC-8755-F2B8C56EEA05}
	EndGlobalSection
EndGlobal
